
Microsoft Visual Studio Solution File, Format Version 12.00
# Visual Studio Version 17
VisualStudioVersion = 17.4.33110.190
MinimumVisualStudioVersion = 10.0.40219.1
Project("{FAE04EC0-301F-11D3-BF4B-00C04F79EFBC}") = "SimpleNetNlp", "SimpleNetNlp\SimpleNetNlp.csproj", "{5BE991DF-75EE-4A2A-9E4B-2C74861D021D}"
EndProject
Global
	GlobalSection(SolutionConfigurationPlatforms) = preSolution
		Debug|Any CPU = Debug|Any CPU
		Release|Any CPU = Release|Any CPU
	EndGlobalSection
	GlobalSection(ProjectConfigurationPlatforms) = postSolution
		{5BE991DF-75EE-4A2A-9E4B-2C74861D021D}.Debug|Any CPU.ActiveCfg = Debug|Any CPU
		{5BE991DF-75EE-4A2A-9E4B-2C74861D021D}.Debug|Any CPU.Build.0 = Debug|Any CPU
		{5BE991DF-75EE-4A2A-9E4B-2C74861D021D}.Release|Any CPU.ActiveCfg = Release|Any CPU
		{5BE991DF-75EE-4A2A-9E4B-2C74861D021D}.Release|Any CPU.Build.0 = Release|Any CPU
	EndGlobalSection
	GlobalSection(SolutionProperties) = preSolution
		HideSolutionNode = FALSE
	EndGlobalSection
	GlobalSection(ExtensibilityGlobals) = postSolution
		SolutionGuid = {263E48D4-0CDD-4081-B133-FCF1565DDBDB}
	EndGlobalSection
EndGlobal
